
Microsoft Visual Studio Solution File, Format Version 12.00
# Visual Studio Version 16
VisualStudioVersion = 16.0.28803.202
MinimumVisualStudioVersion = 10.0.40219.1
Project("{FAE04EC0-301F-11D3-BF4B-00C04F79EFBC}") = "Etut20190907Tilda", "Etut20190907Tilda\Etut20190907Tilda.csproj", "{897EC79B-6C4A-46B7-9D0A-B4BCD5B277BC}"
EndProject
Global
	GlobalSection(SolutionConfigurationPlatforms) = preSolution
		Debug|Any CPU = Debug|Any CPU
		Release|Any CPU = Release|Any CPU
	EndGlobalSection
	GlobalSection(ProjectConfigurationPlatforms) = postSolution
		{897EC79B-6C4A-46B7-9D0A-B4BCD5B277BC}.Debug|Any CPU.ActiveCfg = Debug|Any CPU
		{897EC79B-6C4A-46B7-9D0A-B4BCD5B277BC}.Debug|Any CPU.Build.0 = Debug|Any CPU
		{897EC79B-6C4A-46B7-9D0A-B4BCD5B277BC}.Release|Any CPU.ActiveCfg = Release|Any CPU
		{897EC79B-6C4A-46B7-9D0A-B4BCD5B277BC}.Release|Any CPU.Build.0 = Release|Any CPU
	EndGlobalSection
	GlobalSection(SolutionProperties) = preSolution
		HideSolutionNode = FALSE
	EndGlobalSection
	GlobalSection(ExtensibilityGlobals) = postSolution
		SolutionGuid = {0F6A2A52-8DF3-44FC-AFA8-BFD1A8BE6F0E}
	EndGlobalSection
EndGlobal
